
Microsoft Visual Studio Solution File, Format Version 12.00
# Visual Studio 15
VisualStudioVersion = 15.0.27428.1
MinimumVisualStudioVersion = 10.0.40219.1
Project("{FAE04EC0-301F-11D3-BF4B-00C04F79EFBC}") = "Program6", "Program6\Program6.csproj", "{6E654485-043B-4CD8-BF03-739D6D63AC69}"
EndProject
Global
	GlobalSection(SolutionConfigurationPlatforms) = preSolution
		Debug|Any CPU = Debug|Any CPU
		Release|Any CPU = Release|Any CPU
	EndGlobalSection
	GlobalSection(ProjectConfigurationPlatforms) = postSolution
		{6E654485-043B-4CD8-BF03-739D6D63AC69}.Debug|Any CPU.ActiveCfg = Debug|Any CPU
		{6E654485-043B-4CD8-BF03-739D6D63AC69}.Debug|Any CPU.Build.0 = Debug|Any CPU
		{6E654485-043B-4CD8-BF03-739D6D63AC69}.Release|Any CPU.ActiveCfg = Release|Any CPU
		{6E654485-043B-4CD8-BF03-739D6D63AC69}.Release|Any CPU.Build.0 = Release|Any CPU
	EndGlobalSection
	GlobalSection(SolutionProperties) = preSolution
		HideSolutionNode = FALSE
	EndGlobalSection
	GlobalSection(ExtensibilityGlobals) = postSolution
		SolutionGuid = {ECD695F9-47F2-425F-8B81-1D019553CEC1}
	EndGlobalSection
EndGlobal
